
Microsoft Visual Studio Solution File, Format Version 12.00
# Visual Studio 2012
Project("{FAE04EC0-301F-11D3-BF4B-00C04F79EFBC}") = "ScrumCermonies", "ScrumCermonies\ScrumCermonies.csproj", "{750985A1-F138-4FE9-88A2-BB062631A060}"
EndProject
Global
	GlobalSection(SolutionConfigurationPlatforms) = preSolution
		Debug|Any CPU = Debug|Any CPU
		Release|Any CPU = Release|Any CPU
	EndGlobalSection
	GlobalSection(ProjectConfigurationPlatforms) = postSolution
		{750985A1-F138-4FE9-88A2-BB062631A060}.Debug|Any CPU.ActiveCfg = Debug|Any CPU
		{750985A1-F138-4FE9-88A2-BB062631A060}.Debug|Any CPU.Build.0 = Debug|Any CPU
		{750985A1-F138-4FE9-88A2-BB062631A060}.Release|Any CPU.ActiveCfg = Release|Any CPU
		{750985A1-F138-4FE9-88A2-BB062631A060}.Release|Any CPU.Build.0 = Release|Any CPU
	EndGlobalSection
EndGlobal
